
Microsoft Visual Studio Solution File, Format Version 12.00
# Visual Studio Version 16
VisualStudioVersion = 16.0.32802.440
MinimumVisualStudioVersion = 10.0.40219.1
Project("{FAE04EC0-301F-11D3-BF4B-00C04F79EFBC}") = "hinothuduc", "hinothuduc\hinothuduc.csproj", "{B6861D3A-DF6A-439C-8E41-F8A609423356}"
EndProject
Global
	GlobalSection(SolutionConfigurationPlatforms) = preSolution
		Debug|Any CPU = Debug|Any CPU
		Release|Any CPU = Release|Any CPU
	EndGlobalSection
	GlobalSection(ProjectConfigurationPlatforms) = postSolution
		{B6861D3A-DF6A-439C-8E41-F8A609423356}.Debug|Any CPU.ActiveCfg = Debug|Any CPU
		{B6861D3A-DF6A-439C-8E41-F8A609423356}.Debug|Any CPU.Build.0 = Debug|Any CPU
		{B6861D3A-DF6A-439C-8E41-F8A609423356}.Release|Any CPU.ActiveCfg = Release|Any CPU
		{B6861D3A-DF6A-439C-8E41-F8A609423356}.Release|Any CPU.Build.0 = Release|Any CPU
	EndGlobalSection
	GlobalSection(SolutionProperties) = preSolution
		HideSolutionNode = FALSE
	EndGlobalSection
	GlobalSection(ExtensibilityGlobals) = postSolution
		SolutionGuid = {A4CE9AC3-6128-48CA-8057-254B2FB16F25}
	EndGlobalSection
EndGlobal
